# This file is automatically @generated by Cargo.
# It is not intended for manual editing.
version = 4

[[package]]
name = "cryptocol"
version = "0.19.8"
source = "registry+https://github.com/rust-lang/crates.io-index"
checksum = "dccafbe1899e43ba0d38f4cde15e76aebc8b8c30c42a6a359540c91e7608b028"

[[package]]
name = "sudoku-plus"
version = "0.1.3"
dependencies = [
 "cryptocol",
]
